
Microsoft Visual Studio Solution File, Format Version 12.00
# Visual Studio Version 16
VisualStudioVersion = 16.0.31702.278
MinimumVisualStudioVersion = 10.0.40219.1
Project("{FAE04EC0-301F-11D3-BF4B-00C04F79EFBC}") = "lessson_task", "lessson_task\lessson_task.csproj", "{65120CDD-EC73-406C-B173-C7556C971970}"
EndProject
Global
	GlobalSection(SolutionConfigurationPlatforms) = preSolution
		Debug|Any CPU = Debug|Any CPU
		Release|Any CPU = Release|Any CPU
	EndGlobalSection
	GlobalSection(ProjectConfigurationPlatforms) = postSolution
		{65120CDD-EC73-406C-B173-C7556C971970}.Debug|Any CPU.ActiveCfg = Debug|Any CPU
		{65120CDD-EC73-406C-B173-C7556C971970}.Debug|Any CPU.Build.0 = Debug|Any CPU
		{65120CDD-EC73-406C-B173-C7556C971970}.Release|Any CPU.ActiveCfg = Release|Any CPU
		{65120CDD-EC73-406C-B173-C7556C971970}.Release|Any CPU.Build.0 = Release|Any CPU
	EndGlobalSection
	GlobalSection(SolutionProperties) = preSolution
		HideSolutionNode = FALSE
	EndGlobalSection
	GlobalSection(ExtensibilityGlobals) = postSolution
		SolutionGuid = {488AC237-4B62-4B33-B983-04B902262C9B}
	EndGlobalSection
EndGlobal
