
Microsoft Visual Studio Solution File, Format Version 12.00
# Visual Studio Version 16
VisualStudioVersion = 16.0.31702.278
MinimumVisualStudioVersion = 10.0.40219.1
Project("{FAE04EC0-301F-11D3-BF4B-00C04F79EFBC}") = "1_9_Class", "1_9_Class\1_9_Class.csproj", "{C3B19589-1701-4135-BB76-0FF45DCCA54D}"
EndProject
Global
	GlobalSection(SolutionConfigurationPlatforms) = preSolution
		Debug|Any CPU = Debug|Any CPU
		Release|Any CPU = Release|Any CPU
	EndGlobalSection
	GlobalSection(ProjectConfigurationPlatforms) = postSolution
		{C3B19589-1701-4135-BB76-0FF45DCCA54D}.Debug|Any CPU.ActiveCfg = Debug|Any CPU
		{C3B19589-1701-4135-BB76-0FF45DCCA54D}.Debug|Any CPU.Build.0 = Debug|Any CPU
		{C3B19589-1701-4135-BB76-0FF45DCCA54D}.Release|Any CPU.ActiveCfg = Release|Any CPU
		{C3B19589-1701-4135-BB76-0FF45DCCA54D}.Release|Any CPU.Build.0 = Release|Any CPU
	EndGlobalSection
	GlobalSection(SolutionProperties) = preSolution
		HideSolutionNode = FALSE
	EndGlobalSection
	GlobalSection(ExtensibilityGlobals) = postSolution
		SolutionGuid = {C8E07947-798D-4780-8502-3911E149452C}
	EndGlobalSection
EndGlobal
