
Microsoft Visual Studio Solution File, Format Version 12.00
# Visual Studio Version 16
VisualStudioVersion = 16.0.31702.278
MinimumVisualStudioVersion = 10.0.40219.1
Project("{FAE04EC0-301F-11D3-BF4B-00C04F79EFBC}") = "task  4", "task  4\task  4.csproj", "{69FC370D-FAFE-4516-BDA6-6E7CD2A9D8EC}"
EndProject
Global
	GlobalSection(SolutionConfigurationPlatforms) = preSolution
		Debug|Any CPU = Debug|Any CPU
		Release|Any CPU = Release|Any CPU
	EndGlobalSection
	GlobalSection(ProjectConfigurationPlatforms) = postSolution
		{69FC370D-FAFE-4516-BDA6-6E7CD2A9D8EC}.Debug|Any CPU.ActiveCfg = Debug|Any CPU
		{69FC370D-FAFE-4516-BDA6-6E7CD2A9D8EC}.Debug|Any CPU.Build.0 = Debug|Any CPU
		{69FC370D-FAFE-4516-BDA6-6E7CD2A9D8EC}.Release|Any CPU.ActiveCfg = Release|Any CPU
		{69FC370D-FAFE-4516-BDA6-6E7CD2A9D8EC}.Release|Any CPU.Build.0 = Release|Any CPU
	EndGlobalSection
	GlobalSection(SolutionProperties) = preSolution
		HideSolutionNode = FALSE
	EndGlobalSection
	GlobalSection(ExtensibilityGlobals) = postSolution
		SolutionGuid = {4AAC3C35-7688-4C57-92AB-AA5CD0B92DD8}
	EndGlobalSection
EndGlobal
