
Microsoft Visual Studio Solution File, Format Version 12.00
# Visual Studio Version 16
VisualStudioVersion = 16.0.31702.278
MinimumVisualStudioVersion = 10.0.40219.1
Project("{FAE04EC0-301F-11D3-BF4B-00C04F79EFBC}") = "1_7 Codition", "1_7 Codition\1_7 Codition.csproj", "{7E517069-C5CE-44CF-91A9-6D11E8A7BE41}"
EndProject
Global
	GlobalSection(SolutionConfigurationPlatforms) = preSolution
		Debug|Any CPU = Debug|Any CPU
		Release|Any CPU = Release|Any CPU
	EndGlobalSection
	GlobalSection(ProjectConfigurationPlatforms) = postSolution
		{7E517069-C5CE-44CF-91A9-6D11E8A7BE41}.Debug|Any CPU.ActiveCfg = Debug|Any CPU
		{7E517069-C5CE-44CF-91A9-6D11E8A7BE41}.Debug|Any CPU.Build.0 = Debug|Any CPU
		{7E517069-C5CE-44CF-91A9-6D11E8A7BE41}.Release|Any CPU.ActiveCfg = Release|Any CPU
		{7E517069-C5CE-44CF-91A9-6D11E8A7BE41}.Release|Any CPU.Build.0 = Release|Any CPU
	EndGlobalSection
	GlobalSection(SolutionProperties) = preSolution
		HideSolutionNode = FALSE
	EndGlobalSection
	GlobalSection(ExtensibilityGlobals) = postSolution
		SolutionGuid = {3925FFB8-6B33-4025-B2AD-39A49F8EC955}
	EndGlobalSection
EndGlobal
