
Microsoft Visual Studio Solution File, Format Version 12.00
# Visual Studio Version 16
VisualStudioVersion = 16.0.31702.278
MinimumVisualStudioVersion = 10.0.40219.1
Project("{FAE04EC0-301F-11D3-BF4B-00C04F79EFBC}") = "FileWork", "FileWork.csproj", "{9DC80CE7-C1B3-4DA8-B8E3-C042A006279E}"
EndProject
Project("{54435603-DBB4-11D2-8724-00A0C9A8B90C}") = "People App W.0.0.0", "..\People App W.0.0.0\People App W.0.0.0.vdproj", "{B4ACB8AD-EA70-4CD7-B543-F0253FDB4D9A}"
EndProject
Global
	GlobalSection(SolutionConfigurationPlatforms) = preSolution
		Debug|Any CPU = Debug|Any CPU
		Release|Any CPU = Release|Any CPU
	EndGlobalSection
	GlobalSection(ProjectConfigurationPlatforms) = postSolution
		{9DC80CE7-C1B3-4DA8-B8E3-C042A006279E}.Debug|Any CPU.ActiveCfg = Debug|Any CPU
		{9DC80CE7-C1B3-4DA8-B8E3-C042A006279E}.Debug|Any CPU.Build.0 = Debug|Any CPU
		{9DC80CE7-C1B3-4DA8-B8E3-C042A006279E}.Release|Any CPU.ActiveCfg = Release|Any CPU
		{9DC80CE7-C1B3-4DA8-B8E3-C042A006279E}.Release|Any CPU.Build.0 = Release|Any CPU
		{B4ACB8AD-EA70-4CD7-B543-F0253FDB4D9A}.Debug|Any CPU.ActiveCfg = Debug
		{B4ACB8AD-EA70-4CD7-B543-F0253FDB4D9A}.Release|Any CPU.ActiveCfg = Release
	EndGlobalSection
	GlobalSection(SolutionProperties) = preSolution
		HideSolutionNode = FALSE
	EndGlobalSection
	GlobalSection(ExtensibilityGlobals) = postSolution
		SolutionGuid = {0B2FD821-4F27-4056-A267-83636CDFC02B}
	EndGlobalSection
EndGlobal
