
Microsoft Visual Studio Solution File, Format Version 12.00
# Visual Studio Version 16
VisualStudioVersion = 16.0.31702.278
MinimumVisualStudioVersion = 10.0.40219.1
Project("{FAE04EC0-301F-11D3-BF4B-00C04F79EFBC}") = "Lesson", "Lesson\Lesson.csproj", "{D890F17E-F514-4D1A-99CC-9942BD8BEF45}"
EndProject
Global
	GlobalSection(SolutionConfigurationPlatforms) = preSolution
		Debug|Any CPU = Debug|Any CPU
		Release|Any CPU = Release|Any CPU
	EndGlobalSection
	GlobalSection(ProjectConfigurationPlatforms) = postSolution
		{D890F17E-F514-4D1A-99CC-9942BD8BEF45}.Debug|Any CPU.ActiveCfg = Debug|Any CPU
		{D890F17E-F514-4D1A-99CC-9942BD8BEF45}.Debug|Any CPU.Build.0 = Debug|Any CPU
		{D890F17E-F514-4D1A-99CC-9942BD8BEF45}.Release|Any CPU.ActiveCfg = Release|Any CPU
		{D890F17E-F514-4D1A-99CC-9942BD8BEF45}.Release|Any CPU.Build.0 = Release|Any CPU
	EndGlobalSection
	GlobalSection(SolutionProperties) = preSolution
		HideSolutionNode = FALSE
	EndGlobalSection
	GlobalSection(ExtensibilityGlobals) = postSolution
		SolutionGuid = {47E3E245-D9B8-48CD-BF90-EA6F6F5E2A43}
	EndGlobalSection
EndGlobal
