
Microsoft Visual Studio Solution File, Format Version 12.00
# Visual Studio Version 16
VisualStudioVersion = 16.0.31702.278
MinimumVisualStudioVersion = 10.0.40219.1
Project("{9A19103F-16F7-4668-BE54-9A1E7A4F7556}") = "Task_Group", "Task_Group\Task_Group.csproj", "{9EBB3448-E80A-4822-8E2C-8DE9EC816C1B}"
EndProject
Project("{FAE04EC0-301F-11D3-BF4B-00C04F79EFBC}") = "Update", "Update\Update.csproj", "{835B10AB-86E4-4BE6-B3B1-E3F3966FB20A}"
EndProject
Global
	GlobalSection(SolutionConfigurationPlatforms) = preSolution
		Debug|Any CPU = Debug|Any CPU
		Release|Any CPU = Release|Any CPU
	EndGlobalSection
	GlobalSection(ProjectConfigurationPlatforms) = postSolution
		{9EBB3448-E80A-4822-8E2C-8DE9EC816C1B}.Debug|Any CPU.ActiveCfg = Debug|Any CPU
		{9EBB3448-E80A-4822-8E2C-8DE9EC816C1B}.Debug|Any CPU.Build.0 = Debug|Any CPU
		{9EBB3448-E80A-4822-8E2C-8DE9EC816C1B}.Release|Any CPU.ActiveCfg = Release|Any CPU
		{9EBB3448-E80A-4822-8E2C-8DE9EC816C1B}.Release|Any CPU.Build.0 = Release|Any CPU
		{835B10AB-86E4-4BE6-B3B1-E3F3966FB20A}.Debug|Any CPU.ActiveCfg = Debug|Any CPU
		{835B10AB-86E4-4BE6-B3B1-E3F3966FB20A}.Debug|Any CPU.Build.0 = Debug|Any CPU
		{835B10AB-86E4-4BE6-B3B1-E3F3966FB20A}.Release|Any CPU.ActiveCfg = Release|Any CPU
		{835B10AB-86E4-4BE6-B3B1-E3F3966FB20A}.Release|Any CPU.Build.0 = Release|Any CPU
	EndGlobalSection
	GlobalSection(SolutionProperties) = preSolution
		HideSolutionNode = FALSE
	EndGlobalSection
	GlobalSection(ExtensibilityGlobals) = postSolution
		SolutionGuid = {E710EA41-AA4D-4125-A5AF-037F0CB63E05}
	EndGlobalSection
EndGlobal
